// !$*UTF8*$!
{
	archiveVersion = 1;
	classes = {
	};
	objectVersion = 55;
	objects = {

/* Begin PBXBuildFile section */
		408AF52D28C0CA4E00F2ADFB /* AppDelegate.swift in Sources */ = {isa = PBXBuildFile; fileRef = 408AF52C28C0CA4E00F2ADFB /* AppDelegate.swift */; };
		408AF52F28C0CA4E00F2ADFB /* SceneDelegate.swift in Sources */ = {isa = PBXBuildFile; fileRef = 408AF52E28C0CA4E00F2ADFB /* SceneDelegate.swift */; };
		408AF53128C0CA4E00F2ADFB /* ViewController.swift in Sources */ = {isa = PBXBuildFile; fileRef = 408AF53028C0CA4E00F2ADFB /* ViewController.swift */; };
		408AF53428C0CA4E00F2ADFB /* Main.storyboard in Resources */ = {isa = PBXBuildFile; fileRef = 408AF53228C0CA4E00F2ADFB /* Main.storyboard */; };
		408AF53628C0CA5000F2ADFB /* Assets.xcassets in Resources */ = {isa = PBXBuildFile; fileRef = 408AF53528C0CA5000F2ADFB /* Assets.xcassets */; };
		408AF53928C0CA5000F2ADFB /* LaunchScreen.storyboard in Resources */ = {isa = PBXBuildFile; fileRef = 408AF53728C0CA5000F2ADFB /* LaunchScreen.storyboard */; };
/* End PBXBuildFile section */

/* Begin PBXFileReference section */
		408AF52928C0CA4E00F2ADFB /* 3.4TableViewmanipulieren.app */ = {isa = PBXFileReference; explicitFileType = wrapper.application; includeInIndex = 0; path = 3.4TableViewmanipulieren.app; sourceTree = BUILT_PRODUCTS_DIR; };
		408AF52C28C0CA4E00F2ADFB /* AppDelegate.swift */ = {isa = PBXFileReference; lastKnownFileType = sourcecode.swift; path = AppDelegate.swift; sourceTree = "<group>"; };
		408AF52E28C0CA4E00F2ADFB /* SceneDelegate.swift */ = {isa = PBXFileReference; lastKnownFileType = sourcecode.swift; path = SceneDelegate.swift; sourceTree = "<group>"; };
		408AF53028C0CA4E00F2ADFB /* ViewController.swift */ = {isa = PBXFileReference; lastKnownFileType = sourcecode.swift; path = ViewController.swift; sourceTree = "<group>"; };
		408AF53328C0CA4E00F2ADFB /* Base */ = {isa = PBXFileReference; lastKnownFileType = file.storyboard; name = Base; path = Base.lproj/Main.storyboard; sourceTree = "<group>"; };
		408AF53528C0CA5000F2ADFB /* Assets.xcassets */ = {isa = PBXFileReference; lastKnownFileType = folder.assetcatalog; path = Assets.xcassets; sourceTree = "<group>"; };
		408AF53828C0CA5000F2ADFB /* Base */ = {isa = PBXFileReference; lastKnownFileType = file.storyboard; name = Base; path = Base.lproj/LaunchScreen.storyboard; sourceTree = "<group>"; };
		408AF53A28C0CA5000F2ADFB /* Info.plist */ = {isa = PBXFileReference; lastKnownFileType = text.plist.xml; path = Info.plist; sourceTree = "<group>"; };
/* End PBXFileReference section */

/* Begin PBXFrameworksBuildPhase section */
		408AF52628C0CA4E00F2ADFB /* Frameworks */ = {
			isa = PBXFrameworksBuildPhase;
			buildActionMask = 2147483647;
			files = (
			);
			runOnlyForDeploymentPostprocessing = 0;
		};
/* End PBXFrameworksBuildPhase section */

/* Begin PBXGroup section */
		408AF52028C0CA4E00F2ADFB = {
			isa = PBXGroup;
			children = (
				408AF52B28C0CA4E00F2ADFB /* 3.4TableViewmanipulieren */,
				408AF52A28C0CA4E00F2ADFB /* Products */,
			);
			sourceTree = "<group>";
		};
		408AF52A28C0CA4E00F2ADFB /* Products */ = {
			isa = PBXGroup;
			children = (
				408AF52928C0CA4E00F2ADFB /* 3.4TableViewmanipulieren.app */,
			);
			name = Products;
			sourceTree = "<group>";
		};
		408AF52B28C0CA4E00F2ADFB /* 3.4TableViewmanipulieren */ = {
			isa = PBXGroup;
			children = (
				408AF52C28C0CA4E00F2ADFB /* AppDelegate.swift */,
				408AF52E28C0CA4E00F2ADFB /* SceneDelegate.swift */,
				408AF53028C0CA4E00F2ADFB /* ViewController.swift */,
				408AF53228C0CA4E00F2ADFB /* Main.storyboard */,
				408AF53528C0CA5000F2ADFB /* Assets.xcassets */,
				408AF53728C0CA5000F2ADFB /* LaunchScreen.storyboard */,
				408AF53A28C0CA5000F2ADFB /* Info.plist */,
			);
			path = 3.4TableViewmanipulieren;
			sourceTree = "<group>";
		};
/* End PBXGroup section */

/* Begin PBXNativeTarget section */
		408AF52828C0CA4E00F2ADFB /* 3.4TableViewmanipulieren */ = {
			isa = PBXNativeTarget;
			buildConfigurationList = 408AF53D28C0CA5000F2ADFB /* Build configuration list for PBXNativeTarget "3.4TableViewmanipulieren" */;
			buildPhases = (
				408AF52528C0CA4E00F2ADFB /* Sources */,
				408AF52628C0CA4E00F2ADFB /* Frameworks */,
				408AF52728C0CA4E00F2ADFB /* Resources */,
			);
			buildRules = (
			);
			dependencies = (
			);
			name = 3.4TableViewmanipulieren;
			productName = 3.4TableViewmanipulieren;
			productReference = 408AF52928C0CA4E00F2ADFB /* 3.4TableViewmanipulieren.app */;
			productType = "com.apple.product-type.application";
		};
/* End PBXNativeTarget section */

/* Begin PBXProject section */
		408AF52128C0CA4E00F2ADFB /* Project object */ = {
			isa = PBXProject;
			attributes = {
				BuildIndependentTargetsInParallel = 1;
				LastSwiftUpdateCheck = 1340;
				LastUpgradeCheck = 1340;
				TargetAttributes = {
					408AF52828C0CA4E00F2ADFB = {
						CreatedOnToolsVersion = 13.4.1;
					};
				};
			};
			buildConfigurationList = 408AF52428C0CA4E00F2ADFB /* Build configuration list for PBXProject "3.4TableViewmanipulieren" */;
			compatibilityVersion = "Xcode 13.0";
			developmentRegion = en;
			hasScannedForEncodings = 0;
			knownRegions = (
				en,
				Base,
			);
			mainGroup = 408AF52028C0CA4E00F2ADFB;
			productRefGroup = 408AF52A28C0CA4E00F2ADFB /* Products */;
			projectDirPath = "";
			projectRoot = "";
			targets = (
				408AF52828C0CA4E00F2ADFB /* 3.4TableViewmanipulieren */,
			);
		};
/* End PBXProject section */

/* Begin PBXResourcesBuildPhase section */
		408AF52728C0CA4E00F2ADFB /* Resources */ = {
			isa = PBXResourcesBuildPhase;
			buildActionMask = 2147483647;
			files = (
				408AF53928C0CA5000F2ADFB /* LaunchScreen.storyboard in Resources */,
				408AF53628C0CA5000F2ADFB /* Assets.xcassets in Resources */,
				408AF53428C0CA4E00F2ADFB /* Main.storyboard in Resources */,
			);
			runOnlyForDeploymentPostprocessing = 0;
		};
/* End PBXResourcesBuildPhase section */

/* Begin PBXSourcesBuildPhase section */
		408AF52528C0CA4E00F2ADFB /* Sources */ = {
			isa = PBXSourcesBuildPhase;
			buildActionMask = 2147483647;
			files = (
				408AF53128C0CA4E00F2ADFB /* ViewController.swift in Sources */,
				408AF52D28C0CA4E00F2ADFB /* AppDelegate.swift in Sources */,
				408AF52F28C0CA4E00F2ADFB /* SceneDelegate.swift in Sources */,
			);
			runOnlyForDeploymentPostprocessing = 0;
		};
/* End PBXSourcesBuildPhase section */

/* Begin PBXVariantGroup section */
		408AF53228C0CA4E00F2ADFB /* Main.storyboard */ = {
			isa = PBXVariantGroup;
			children = (
				408AF53328C0CA4E00F2ADFB /* Base */,
			);
			name = Main.storyboard;
			sourceTree = "<group>";
		};
		408AF53728C0CA5000F2ADFB /* LaunchScreen.storyboard */ = {
			isa = PBXVariantGroup;
			children = (
				408AF53828C0CA5000F2ADFB /* Base */,
			);
			name = LaunchScreen.storyboard;
			sourceTree = "<group>";
		};
/* End PBXVariantGroup section */

/* Begin XCBuildConfiguration section */
		408AF53B28C0CA5000F2ADFB /* Debug */ = {
			isa = XCBuildConfiguration;
			buildSettings = {
				ALWAYS_SEARCH_USER_PATHS = NO;
				CLANG_ANALYZER_NONNULL = YES;
				CLANG_ANALYZER_NUMBER_OBJECT_CONVERSION = YES_AGGRESSIVE;
				CLANG_CXX_LANGUAGE_STANDARD = "gnu++17";
				CLANG_ENABLE_MODULES = YES;
				CLANG_ENABLE_OBJC_ARC = YES;
				CLANG_ENABLE_OBJC_WEAK = YES;
				CLANG_WARN_BLOCK_CAPTURE_AUTORELEASING = YES;
				CLANG_WARN_BOOL_CONVERSION = YES;
				CLANG_WARN_COMMA = YES;
				CLANG_WARN_CONSTANT_CONVERSION = YES;
				CLANG_WARN_DEPRECATED_OBJC_IMPLEMENTATIONS = YES;
				CLANG_WARN_DIRECT_OBJC_ISA_USAGE = YES_ERROR;
				CLANG_WARN_DOCUMENTATION_COMMENTS = YES;
				CLANG_WARN_EMPTY_BODY = YES;
				CLANG_WARN_ENUM_CONVERSION = YES;
				CLANG_WARN_INFINITE_RECURSION = YES;
				CLANG_WARN_INT_CONVERSION = YES;
				CLANG_WARN_NON_LITERAL_NULL_CONVERSION = YES;
				CLANG_WARN_OBJC_IMPLICIT_RETAIN_SELF = YES;
				CLANG_WARN_OBJC_LITERAL_CONVERSION = YES;
				CLANG_WARN_OBJC_ROOT_CLASS = YES_ERROR;
				CLANG_WARN_QUOTED_INCLUDE_IN_FRAMEWORK_HEADER = YES;
				CLANG_WARN_RANGE_LOOP_ANALYSIS = YES;
				CLANG_WARN_STRICT_PROTOTYPES = YES;
				CLANG_WARN_SUSPICIOUS_MOVE = YES;
				CLANG_WARN_UNGUARDED_AVAILABILITY = YES_AGGRESSIVE;
				CLANG_WARN_UNREACHABLE_CODE = YES;
				CLANG_WARN__DUPLICATE_METHOD_MATCH = YES;
				COPY_PHASE_STRIP = NO;
				DEBUG_INFORMATION_FORMAT = dwarf;
				ENABLE_STRICT_OBJC_MSGSEND = YES;
				ENABLE_TESTABILITY = YES;
				GCC_C_LANGUAGE_STANDARD = gnu11;
				GCC_DYNAMIC_NO_PIC = NO;
				GCC_NO_COMMON_BLOCKS = YES;
				GCC_OPTIMIZATION_LEVEL = 0;
				GCC_PREPROCESSOR_DEFINITIONS = (
					"DEBUG=1",
					"$(inherited)",
				);
				GCC_WARN_64_TO_32_BIT_CONVERSION = YES;
				GCC_WARN_ABOUT_RETURN_TYPE = YES_ERROR;
				GCC_WARN_UNDECLARED_SELECTOR = YES;
				GCC_WARN_UNINITIALIZED_AUTOS = YES_AGGRESSIVE;
				GCC_WARN_UNUSED_FUNCTION = YES;
				GCC_WARN_UNUSED_VARIABLE = YES;
				IPHONEOS_DEPLOYMENT_TARGET = 15.5;
				MTL_ENABLE_DEBUG_INFO = INCLUDE_SOURCE;
				MTL_FAST_MATH = YES;
				ONLY_ACTIVE_ARCH = YES;
				SDKROOT = iphoneos;
				SWIFT_ACTIVE_COMPILATION_CONDITIONS = DEBUG;
				SWIFT_OPTIMIZATION_LEVEL = "-Onone";
			};
			name = Debug;
		};
		408AF53C28C0CA5000F2ADFB /* Release */ = {
			isa = XCBuildConfiguration;
			buildSettings = {
				ALWAYS_SEARCH_USER_PATHS = NO;
				CLANG_ANALYZER_NONNULL = YES;
				CLANG_ANALYZER_NUMBER_OBJECT_CONVERSION = YES_AGGRESSIVE;
				CLANG_CXX_LANGUAGE_STANDARD = "gnu++17";
				CLANG_ENABLE_MODULES = YES;
				CLANG_ENABLE_OBJC_ARC = YES;
				CLANG_ENABLE_OBJC_WEAK = YES;
				CLANG_WARN_BLOCK_CAPTURE_AUTORELEASING = YES;
				CLANG_WARN_BOOL_CONVERSION = YES;
				CLANG_WARN_COMMA = YES;
				CLANG_WARN_CONSTANT_CONVERSION = YES;
				CLANG_WARN_DEPRECATED_OBJC_IMPLEMENTATIONS = YES;
				CLANG_WARN_DIRECT_OBJC_ISA_USAGE = YES_ERROR;
				CLANG_WARN_DOCUMENTATION_COMMENTS = YES;
				CLANG_WARN_EMPTY_BODY = YES;
				CLANG_WARN_ENUM_CONVERSION = YES;
				CLANG_WARN_INFINITE_RECURSION = YES;
				CLANG_WARN_INT_CONVERSION = YES;
				CLANG_WARN_NON_LITERAL_NULL_CONVERSION = YES;
				CLANG_WARN_OBJC_IMPLICIT_RETAIN_SELF = YES;
				CLANG_WARN_OBJC_LITERAL_CONVERSION = YES;
				CLANG_WARN_OBJC_ROOT_CLASS = YES_ERROR;
				CLANG_WARN_QUOTED_INCLUDE_IN_FRAMEWORK_HEADER = YES;
				CLANG_WARN_RANGE_LOOP_ANALYSIS = YES;
				CLANG_WARN_STRICT_PROTOTYPES = YES;
				CLANG_WARN_SUSPICIOUS_MOVE = YES;
				CLANG_WARN_UNGUARDED_AVAILABILITY = YES_AGGRESSIVE;
				CLANG_WARN_UNREACHABLE_CODE = YES;
				CLANG_WARN__DUPLICATE_METHOD_MATCH = YES;
				COPY_PHASE_STRIP = NO;
				DEBUG_INFORMATION_FORMAT = "dwarf-with-dsym";
				ENABLE_NS_ASSERTIONS = NO;
				ENABLE_STRICT_OBJC_MSGSEND = YES;
				GCC_C_LANGUAGE_STANDARD = gnu11;
				GCC_NO_COMMON_BLOCKS = YES;
				GCC_WARN_64_TO_32_BIT_CONVERSION = YES;
				GCC_WARN_ABOUT_RETURN_TYPE = YES_ERROR;
				GCC_WARN_UNDECLARED_SELECTOR = YES;
				GCC_WARN_UNINITIALIZED_AUTOS = YES_AGGRESSIVE;
				GCC_WARN_UNUSED_FUNCTION = YES;
				GCC_WARN_UNUSED_VARIABLE = YES;
				IPHONEOS_DEPLOYMENT_TARGET = 15.5;
				MTL_ENABLE_DEBUG_INFO = NO;
				MTL_FAST_MATH = YES;
				SDKROOT = iphoneos;
				SWIFT_COMPILATION_MODE = wholemodule;
				SWIFT_OPTIMIZATION_LEVEL = "-O";
				VALIDATE_PRODUCT = YES;
			};
			name = Release;
		};
		408AF53E28C0CA5000F2ADFB /* Debug */ = {
			isa = XCBuildConfiguration;
			buildSettings = {
				ASSETCATALOG_COMPILER_APPICON_NAME = AppIcon;
				ASSETCATALOG_COMPILER_GLOBAL_ACCENT_COLOR_NAME = AccentColor;
				CODE_SIGN_STYLE = Automatic;
				CURRENT_PROJECT_VERSION = 1;
				DEVELOPMENT_TEAM = Y5CZ5QA22J;
				GENERATE_INFOPLIST_FILE = YES;
				INFOPLIST_FILE = 3.4TableViewmanipulieren/Info.plist;
				INFOPLIST_KEY_UIApplicationSupportsIndirectInputEvents = YES;
				INFOPLIST_KEY_UILaunchStoryboardName = LaunchScreen;
				INFOPLIST_KEY_UIMainStoryboardFile = Main;
				INFOPLIST_KEY_UISupportedInterfaceOrientations_iPad = "UIInterfaceOrientationPortrait UIInterfaceOrientationPortraitUpsideDown UIInterfaceOrientationLandscapeLeft UIInterfaceOrientationLandscapeRight";
				INFOPLIST_KEY_UISupportedInterfaceOrientations_iPhone = "UIInterfaceOrientationPortrait UIInterfaceOrientationLandscapeLeft UIInterfaceOrientationLandscapeRight";
				LD_RUNPATH_SEARCH_PATHS = (
					"$(inherited)",
					"@executable_path/Frameworks",
				);
				MARKETING_VERSION = 1.0;
				PRODUCT_BUNDLE_IDENTIFIER = "de.mirkoweitkowitz.--4TableViewmanipulieren";
				PRODUCT_NAME = "$(TARGET_NAME)";
				SWIFT_EMIT_LOC_STRINGS = YES;
				SWIFT_VERSION = 5.0;
				TARGETED_DEVICE_FAMILY = "1,2";
			};
			name = Debug;
		};
		408AF53F28C0CA5000F2ADFB /* Release */ = {
			isa = XCBuildConfiguration;
			buildSettings = {
				ASSETCATALOG_COMPILER_APPICON_NAME = AppIcon;
				ASSETCATALOG_COMPILER_GLOBAL_ACCENT_COLOR_NAME = AccentColor;
				CODE_SIGN_STYLE = Automatic;
				CURRENT_PROJECT_VERSION = 1;
				DEVELOPMENT_TEAM = Y5CZ5QA22J;
				GENERATE_INFOPLIST_FILE = YES;
				INFOPLIST_FILE = 3.4TableViewmanipulieren/Info.plist;
				INFOPLIST_KEY_UIApplicationSupportsIndirectInputEvents = YES;
				INFOPLIST_KEY_UILaunchStoryboardName = LaunchScreen;
				INFOPLIST_KEY_UIMainStoryboardFile = Main;
				INFOPLIST_KEY_UISupportedInterfaceOrientations_iPad = "UIInterfaceOrientationPortrait UIInterfaceOrientationPortraitUpsideDown UIInterfaceOrientationLandscapeLeft UIInterfaceOrientationLandscapeRight";
				INFOPLIST_KEY_UISupportedInterfaceOrientations_iPhone = "UIInterfaceOrientationPortrait UIInterfaceOrientationLandscapeLeft UIInterfaceOrientationLandscapeRight";
				LD_RUNPATH_SEARCH_PATHS = (
					"$(inherited)",
					"@executable_path/Frameworks",
				);
				MARKETING_VERSION = 1.0;
				PRODUCT_BUNDLE_IDENTIFIER = "de.mirkoweitkowitz.--4TableViewmanipulieren";
				PRODUCT_NAME = "$(TARGET_NAME)";
				SWIFT_EMIT_LOC_STRINGS = YES;
				SWIFT_VERSION = 5.0;
				TARGETED_DEVICE_FAMILY = "1,2";
			};
			name = Release;
		};
/* End XCBuildConfiguration section */

/* Begin XCConfigurationList section */
		408AF52428C0CA4E00F2ADFB /* Build configuration list for PBXProject "3.4TableViewmanipulieren" */ = {
			isa = XCConfigurationList;
			buildConfigurations = (
				408AF53B28C0CA5000F2ADFB /* Debug */,
				408AF53C28C0CA5000F2ADFB /* Release */,
			);
			defaultConfigurationIsVisible = 0;
			defaultConfigurationName = Release;
		};
		408AF53D28C0CA5000F2ADFB /* Build configuration list for PBXNativeTarget "3.4TableViewmanipulieren" */ = {
			isa = XCConfigurationList;
			buildConfigurations = (
				408AF53E28C0CA5000F2ADFB /* Debug */,
				408AF53F28C0CA5000F2ADFB /* Release */,
			);
			defaultConfigurationIsVisible = 0;
			defaultConfigurationName = Release;
		};
/* End XCConfigurationList section */
	};
	rootObject = 408AF52128C0CA4E00F2ADFB /* Project object */;
}
